// !$*UTF8*$!
{
	archiveVersion = 1;
	classes = {
	};
	objectVersion = 50;
	objects = {

/* Begin PBXBuildFile section */
		76439E9E2133D56300F1C454 /* KDAppHomeView.swift in Sources */ = {isa = PBXBuildFile; fileRef = 76439E9D2133D56300F1C454 /* KDAppHomeView.swift */; };
		76439EA12133D57C00F1C454 /* KDAppHomeView.xib in Resources */ = {isa = PBXBuildFile; fileRef = 76439EA02133D57C00F1C454 /* KDAppHomeView.xib */; };
		76439EA42133E24500F1C454 /* KDDuShuVC.swift in Sources */ = {isa = PBXBuildFile; fileRef = 76439EA32133E24500F1C454 /* KDDuShuVC.swift */; };
		76439EA82133E2C100F1C454 /* KDDuSHuCell.swift in Sources */ = {isa = PBXBuildFile; fileRef = 76439EA62133E2C100F1C454 /* KDDuSHuCell.swift */; };
		76439EA92133E2C100F1C454 /* KDDuSHuCell.xib in Resources */ = {isa = PBXBuildFile; fileRef = 76439EA72133E2C100F1C454 /* KDDuSHuCell.xib */; };
		76439EAC2133E80000F1C454 /* KDDuShuDetailVC.swift in Sources */ = {isa = PBXBuildFile; fileRef = 76439EAA2133E80000F1C454 /* KDDuShuDetailVC.swift */; };
		76439EAD2133E80000F1C454 /* KDDuShuDetailVC.xib in Resources */ = {isa = PBXBuildFile; fileRef = 76439EAB2133E80000F1C454 /* KDDuShuDetailVC.xib */; };
		76439EB12133EDE600F1C454 /* SMWebVC.swift in Sources */ = {isa = PBXBuildFile; fileRef = 76439EB02133EDE600F1C454 /* SMWebVC.swift */; };
		76439EB32133EE9100F1C454 /* SMWrongAlert.swift in Sources */ = {isa = PBXBuildFile; fileRef = 76439EB22133EE9100F1C454 /* SMWrongAlert.swift */; };
		7692BDC221339419007213AE /* AppDelegate.swift in Sources */ = {isa = PBXBuildFile; fileRef = 7692BDC121339419007213AE /* AppDelegate.swift */; };
		7692BDCC2133941C007213AE /* LaunchScreen.storyboard in Resources */ = {isa = PBXBuildFile; fileRef = 7692BDCA2133941C007213AE /* LaunchScreen.storyboard */; };
		7692BDD921339582007213AE /* SMGlobalConfig.swift in Sources */ = {isa = PBXBuildFile; fileRef = 7692BDD821339582007213AE /* SMGlobalConfig.swift */; };
		7692BDED213395E9007213AE /* FWSideMenuContainerViewController.swift in Sources */ = {isa = PBXBuildFile; fileRef = 7692BDEA213395E8007213AE /* FWSideMenuContainerViewController.swift */; };
		7692BDEE213395E9007213AE /* FWSideMenuShadow.swift in Sources */ = {isa = PBXBuildFile; fileRef = 7692BDEB213395E8007213AE /* FWSideMenuShadow.swift */; };
		7692BDEF213395E9007213AE /* UIViewController+FWSideMenuExtension.swift in Sources */ = {isa = PBXBuildFile; fileRef = 7692BDEC213395E9007213AE /* UIViewController+FWSideMenuExtension.swift */; };
		7692BDF42133960D007213AE /* FWNavigationController.swift in Sources */ = {isa = PBXBuildFile; fileRef = 7692BDF12133960C007213AE /* FWNavigationController.swift */; };
		7692BDF721339660007213AE /* KDAppHomeVC.swift in Sources */ = {isa = PBXBuildFile; fileRef = 7692BDF621339660007213AE /* KDAppHomeVC.swift */; };
		7692BDFD213396D0007213AE /* Assets.xcassets in Resources */ = {isa = PBXBuildFile; fileRef = 7692BDFC213396D0007213AE /* Assets.xcassets */; };
		7692BE0821339883007213AE /* SideMenuBottomView.xib in Resources */ = {isa = PBXBuildFile; fileRef = 7692BE0121339882007213AE /* SideMenuBottomView.xib */; };
		7692BE0921339883007213AE /* SideMenuBottomView.swift in Sources */ = {isa = PBXBuildFile; fileRef = 7692BE0221339882007213AE /* SideMenuBottomView.swift */; };
		7692BE0A21339883007213AE /* SideMenuTableViewCell.swift in Sources */ = {isa = PBXBuildFile; fileRef = 7692BE0321339883007213AE /* SideMenuTableViewCell.swift */; };
		7692BE0B21339883007213AE /* SideMenuHeaderView.xib in Resources */ = {isa = PBXBuildFile; fileRef = 7692BE0421339883007213AE /* SideMenuHeaderView.xib */; };
		7692BE0C21339883007213AE /* SideMenuTableViewCell.xib in Resources */ = {isa = PBXBuildFile; fileRef = 7692BE0521339883007213AE /* SideMenuTableViewCell.xib */; };
		7692BE0D21339883007213AE /* SideMenuViewController.swift in Sources */ = {isa = PBXBuildFile; fileRef = 7692BE0621339883007213AE /* SideMenuViewController.swift */; };
		7692BE0E21339883007213AE /* SideMenuHeaderView.swift in Sources */ = {isa = PBXBuildFile; fileRef = 7692BE0721339883007213AE /* SideMenuHeaderView.swift */; };
		7692BE10213398A1007213AE /* SubViewController.swift in Sources */ = {isa = PBXBuildFile; fileRef = 7692BE0F213398A0007213AE /* SubViewController.swift */; };
		7692BE1221339947007213AE /* KNBaseVC.swift in Sources */ = {isa = PBXBuildFile; fileRef = 7692BE1121339947007213AE /* KNBaseVC.swift */; };
		76A23085213550F900A3695A /* WHWeatherSunView.m in Sources */ = {isa = PBXBuildFile; fileRef = 76A23040213550F800A3695A /* WHWeatherSunView.m */; };
		76A23086213550F900A3695A /* WHWeatherClound.m in Sources */ = {isa = PBXBuildFile; fileRef = 76A23043213550F800A3695A /* WHWeatherClound.m */; };
		76A23087213550F900A3695A /* WHWeatherRainView.m in Sources */ = {isa = PBXBuildFile; fileRef = 76A23047213550F800A3695A /* WHWeatherRainView.m */; };
		76A23088213550F900A3695A /* WHWeatherLightingView.m in Sources */ = {isa = PBXBuildFile; fileRef = 76A23048213550F800A3695A /* WHWeatherLightingView.m */; };
		76A23089213550F900A3695A /* WHWeatherBaseView.m in Sources */ = {isa = PBXBuildFile; fileRef = 76A2304A213550F800A3695A /* WHWeatherBaseView.m */; };
		76A2308A213550F900A3695A /* ele_sunnyBird6.png in Resources */ = {isa = PBXBuildFile; fileRef = 76A2304C213550F800A3695A /* ele_sunnyBird6.png */; };
		76A2308B213550F900A3695A /* ele_sunnyBirdInvertedImage2.png in Resources */ = {isa = PBXBuildFile; fileRef = 76A2304D213550F800A3695A /* ele_sunnyBirdInvertedImage2.png */; };
		76A2308C213550F900A3695A /* ele_sunnyBirdInvertedImage3.png in Resources */ = {isa = PBXBuildFile; fileRef = 76A2304E213550F800A3695A /* ele_sunnyBirdInvertedImage3.png */; };
		76A2308D213550F900A3695A /* ele_sunnyBird7.png in Resources */ = {isa = PBXBuildFile; fileRef = 76A2304F213550F800A3695A /* ele_sunnyBird7.png */; };
		76A2308E213550F900A3695A /* ele_sunnyNightWave1.png in Resources */ = {isa = PBXBuildFile; fileRef = 76A23050213550F900A3695A /* ele_sunnyNightWave1.png */; };
		76A2308F213550F900A3695A /* ele_sunnyBird5.png in Resources */ = {isa = PBXBuildFile; fileRef = 76A23051213550F900A3695A /* ele_sunnyBird5.png */; };
		76A23090213550F900A3695A /* ele_sunnyBirdInvertedImage1.png in Resources */ = {isa = PBXBuildFile; fileRef = 76A23052213550F900A3695A /* ele_sunnyBirdInvertedImage1.png */; };
		76A23091213550F900A3695A /* ele_sunnySun.png in Resources */ = {isa = PBXBuildFile; fileRef = 76A23053213550F900A3695A /* ele_sunnySun.png */; };
		76A23092213550F900A3695A /* ele_sunnyBird4.png in Resources */ = {isa = PBXBuildFile; fileRef = 76A23054213550F900A3695A /* ele_sunnyBird4.png */; };
		76A23093213550F900A3695A /* ele_sunnyNightWave2.png in Resources */ = {isa = PBXBuildFile; fileRef = 76A23055213550F900A3695A /* ele_sunnyNightWave2.png */; };
		76A23094213550F900A3695A /* ele_sunnyBirdInvertedImage4.png in Resources */ = {isa = PBXBuildFile; fileRef = 76A23056213550F900A3695A /* ele_sunnyBirdInvertedImage4.png */; };
		76A23095213550F900A3695A /* ele_sunnyBirdInvertedImage5.png in Resources */ = {isa = PBXBuildFile; fileRef = 76A23057213550F900A3695A /* ele_sunnyBirdInvertedImage5.png */; };
		76A23096213550F900A3695A /* ele_sunnyBird1.png in Resources */ = {isa = PBXBuildFile; fileRef = 76A23058213550F900A3695A /* ele_sunnyBird1.png */; };
		76A23097213550F900A3695A /* ele_sunnyBird3.png in Resources */ = {isa = PBXBuildFile; fileRef = 76A23059213550F900A3695A /* ele_sunnyBird3.png */; };
		76A23098213550F900A3695A /* ele_sunnyBirdInvertedImage7.png in Resources */ = {isa = PBXBuildFile; fileRef = 76A2305A213550F900A3695A /* ele_sunnyBirdInvertedImage7.png */; };
		76A23099213550F900A3695A /* ele_sunnyBirdInvertedImage6.png in Resources */ = {isa = PBXBuildFile; fileRef = 76A2305B213550F900A3695A /* ele_sunnyBirdInvertedImage6.png */; };
		76A2309A213550F900A3695A /* ele_sunnyBird2.png in Resources */ = {isa = PBXBuildFile; fileRef = 76A2305C213550F900A3695A /* ele_sunnyBird2.png */; };
		76A2309B213550F900A3695A /* ele_sunnySunshine.png in Resources */ = {isa = PBXBuildFile; fileRef = 76A2305D213550F900A3695A /* ele_sunnySunshine.png */; };
		76A2309C213550F900A3695A /* ele_snow.png in Resources */ = {isa = PBXBuildFile; fileRef = 76A2305E213550F900A3695A /* ele_snow.png */; };
		76A2309D213550F900A3695A /* ele_sunnyNightYellowLight.png in Resources */ = {isa = PBXBuildFile; fileRef = 76A2305F213550F900A3695A /* ele_sunnyNightYellowLight.png */; };
		76A2309E213550F900A3695A /* ele_water_ball.png in Resources */ = {isa = PBXBuildFile; fileRef = 76A23061213550F900A3695A /* ele_water_ball.png */; };
		76A2309F213550F900A3695A /* ele_night_back_sky.png in Resources */ = {isa = PBXBuildFile; fileRef = 76A23062213550F900A3695A /* ele_night_back_sky.png */; };
		76A230A0213550F900A3695A /* ele_night_sky_top.png in Resources */ = {isa = PBXBuildFile; fileRef = 76A23063213550F900A3695A /* ele_night_sky_top.png */; };
		76A230A1213550F900A3695A /* ele_sunnyNightMeteor1.png in Resources */ = {isa = PBXBuildFile; fileRef = 76A23064213550F900A3695A /* ele_sunnyNightMeteor1.png */; };
		76A230A2213550F900A3695A /* ele_sunnyNightStar1.png in Resources */ = {isa = PBXBuildFile; fileRef = 76A23065213550F900A3695A /* ele_sunnyNightStar1.png */; };
		76A230A3213550F900A3695A /* ele_night_rain_cloud.png in Resources */ = {isa = PBXBuildFile; fileRef = 76A23066213550F900A3695A /* ele_night_rain_cloud.png */; };
		76A230A4213550F900A3695A /* ele_sunnyNightMeteor2.png in Resources */ = {isa = PBXBuildFile; fileRef = 76A23067213550F900A3695A /* ele_sunnyNightMeteor2.png */; };
		76A230A5213550F900A3695A /* ele_sunnyNightStar2.png in Resources */ = {isa = PBXBuildFile; fileRef = 76A23068213550F900A3695A /* ele_sunnyNightStar2.png */; };
		76A230A6213550F900A3695A /* ele_sunnyCloud1.png in Resources */ = {isa = PBXBuildFile; fileRef = 76A23069213550F900A3695A /* ele_sunnyCloud1.png */; };
		76A230A7213550F900A3695A /* ele_sunnyCloud2.png in Resources */ = {isa = PBXBuildFile; fileRef = 76A2306A213550F900A3695A /* ele_sunnyCloud2.png */; };
		76A230A8213550F900A3695A /* ele_sunnyNightFirefly.png in Resources */ = {isa = PBXBuildFile; fileRef = 76A2306B213550F900A3695A /* ele_sunnyNightFirefly.png */; };
		76A230A9213550F900A3695A /* ele_rainLine2.png in Resources */ = {isa = PBXBuildFile; fileRef = 76A2306C213550F900A3695A /* ele_rainLine2.png */; };
		76A230AA213550F900A3695A /* ele_rainLine3.png in Resources */ = {isa = PBXBuildFile; fileRef = 76A2306D213550F900A3695A /* ele_rainLine3.png */; };
		76A230AB213550F900A3695A /* ele_rainLine1.png in Resources */ = {isa = PBXBuildFile; fileRef = 76A2306E213550F900A3695A /* ele_rainLine1.png */; };
		76A230AC213550F900A3695A /* ele_white_cloud_6.png in Resources */ = {isa = PBXBuildFile; fileRef = 76A23070213550F900A3695A /* ele_white_cloud_6.png */; };
		76A230AD213550F900A3695A /* ele_white_cloud_7.png in Resources */ = {isa = PBXBuildFile; fileRef = 76A23071213550F900A3695A /* ele_white_cloud_7.png */; };
		76A230AE213550F900A3695A /* ele_white_cloud_5.png in Resources */ = {isa = PBXBuildFile; fileRef = 76A23072213550F900A3695A /* ele_white_cloud_5.png */; };
		76A230AF213550F900A3695A /* ele_white_cloud_4.png in Resources */ = {isa = PBXBuildFile; fileRef = 76A23073213550F900A3695A /* ele_white_cloud_4.png */; };
		76A230B0213550F900A3695A /* ele_white_cloud_0.png in Resources */ = {isa = PBXBuildFile; fileRef = 76A23074213550F900A3695A /* ele_white_cloud_0.png */; };
		76A230B1213550F900A3695A /* ele_white_cloud_1.png in Resources */ = {isa = PBXBuildFile; fileRef = 76A23075213550F900A3695A /* ele_white_cloud_1.png */; };
		76A230B2213550F900A3695A /* ele_white_cloud_3.png in Resources */ = {isa = PBXBuildFile; fileRef = 76A23076213550F900A3695A /* ele_white_cloud_3.png */; };
		76A230B3213550F900A3695A /* ele_white_cloud_2.png in Resources */ = {isa = PBXBuildFile; fileRef = 76A23077213550F900A3695A /* ele_white_cloud_2.png */; };
		76A230B4213550F900A3695A /* ele_white_cloud_9.png in Resources */ = {isa = PBXBuildFile; fileRef = 76A23078213550F900A3695A /* ele_white_cloud_9.png */; };
		76A230B5213550F900A3695A /* ele_white_cloud_8.png in Resources */ = {isa = PBXBuildFile; fileRef = 76A23079213550F900A3695A /* ele_white_cloud_8.png */; };
		76A230B6213550F900A3695A /* ele_white_cloud_12.png in Resources */ = {isa = PBXBuildFile; fileRef = 76A2307A213550F900A3695A /* ele_white_cloud_12.png */; };
		76A230B7213550F900A3695A /* ele_white_cloud_11.png in Resources */ = {isa = PBXBuildFile; fileRef = 76A2307B213550F900A3695A /* ele_white_cloud_11.png */; };
		76A230B8213550F900A3695A /* ele_white_cloud_10.png in Resources */ = {isa = PBXBuildFile; fileRef = 76A2307C213550F900A3695A /* ele_white_cloud_10.png */; };
		76A230B9213550F900A3695A /* ele_sunnyBirdInvertedImage8.png in Resources */ = {isa = PBXBuildFile; fileRef = 76A2307D213550F900A3695A /* ele_sunnyBirdInvertedImage8.png */; };
		76A230BA213550F900A3695A /* ele_sunnyBird8.png in Resources */ = {isa = PBXBuildFile; fileRef = 76A2307E213550F900A3695A /* ele_sunnyBird8.png */; };
		76A230BB213550F900A3695A /* WHWeatherSnowView.m in Sources */ = {isa = PBXBuildFile; fileRef = 76A23082213550F900A3695A /* WHWeatherSnowView.m */; };
		76A230BC213550F900A3695A /* WHWeatherView.m in Sources */ = {isa = PBXBuildFile; fileRef = 76A23084213550F900A3695A /* WHWeatherView.m */; };
		76A230C521365DA800A3695A /* KDJieQiListVC.swift in Sources */ = {isa = PBXBuildFile; fileRef = 76A230C321365DA800A3695A /* KDJieQiListVC.swift */; };
		76A230CC213669CE00A3695A /* KDShijHomeCell.swift in Sources */ = {isa = PBXBuildFile; fileRef = 76A230CA213669CE00A3695A /* KDShijHomeCell.swift */; };
		76A230CD213669CE00A3695A /* KDShijHomeCell.xib in Resources */ = {isa = PBXBuildFile; fileRef = 76A230CB213669CE00A3695A /* KDShijHomeCell.xib */; };
		76A230CF21366C9500A3695A /* SMBaseMappable.swift in Sources */ = {isa = PBXBuildFile; fileRef = 76A230CE21366C9500A3695A /* SMBaseMappable.swift */; };
		76A230D121366C9C00A3695A /* KDShiJieModel.swift in Sources */ = {isa = PBXBuildFile; fileRef = 76A230D021366C9C00A3695A /* KDShiJieModel.swift */; };
		76A230D5213670BC00A3695A /* jieqiinfo.plist in Resources */ = {isa = PBXBuildFile; fileRef = 76A230D4213670BC00A3695A /* jieqiinfo.plist */; };
		76A230D82136747800A3695A /* KDJieQiDetailVC.swift in Sources */ = {isa = PBXBuildFile; fileRef = 76A230D62136747800A3695A /* KDJieQiDetailVC.swift */; };
		76A230D92136747800A3695A /* KDJieQiDetailVC.xib in Resources */ = {isa = PBXBuildFile; fileRef = 76A230D72136747800A3695A /* KDJieQiDetailVC.xib */; };
		76A230DC2136865300A3695A /* Html in Resources */ = {isa = PBXBuildFile; fileRef = 76A230DB2136865300A3695A /* Html */; };
		76A3608B213522DC00A6A738 /* PIVoiceRecordView.m in Sources */ = {isa = PBXBuildFile; fileRef = 76A36083213522DA00A6A738 /* PIVoiceRecordView.m */; };
		76A3608C213522DC00A6A738 /* LGAudioPlayer.m in Sources */ = {isa = PBXBuildFile; fileRef = 76A36084213522DA00A6A738 /* LGAudioPlayer.m */; };
		76A3608D213522DC00A6A738 /* LGVoiceRecorder.m in Sources */ = {isa = PBXBuildFile; fileRef = 76A36085213522DB00A6A738 /* LGVoiceRecorder.m */; };
		76A3608E213522DC00A6A738 /* UIColor+Addition.m in Sources */ = {isa = PBXBuildFile; fileRef = 76A36089213522DB00A6A738 /* UIColor+Addition.m */; };
		76A36091213524A400A6A738 /* PIVoiceRecordViewController.m in Sources */ = {isa = PBXBuildFile; fileRef = 76A3608F213524A400A6A738 /* PIVoiceRecordViewController.m */; };
		76A360932135395500A6A738 /* EEImageBroweView.swift in Sources */ = {isa = PBXBuildFile; fileRef = 76A360922135395500A6A738 /* EEImageBroweView.swift */; };
		A684C5E42402FC1985840EA7 /* Pods_KidsNote.framework in Frameworks */ = {isa = PBXBuildFile; fileRef = 8331680565913DFA7118B8E0 /* Pods_KidsNote.framework */; };
/* End PBXBuildFile section */

/* Begin PBXFileReference section */
		76439E9D2133D56300F1C454 /* KDAppHomeView.swift */ = {isa = PBXFileReference; lastKnownFileType = sourcecode.swift; path = KDAppHomeView.swift; sourceTree = "<group>"; };
		76439EA02133D57C00F1C454 /* KDAppHomeView.xib */ = {isa = PBXFileReference; lastKnownFileType = file.xib; path = KDAppHomeView.xib; sourceTree = "<group>"; };
		76439EA32133E24500F1C454 /* KDDuShuVC.swift */ = {isa = PBXFileReference; lastKnownFileType = sourcecode.swift; path = KDDuShuVC.swift; sourceTree = "<group>"; };
		76439EA62133E2C100F1C454 /* KDDuSHuCell.swift */ = {isa = PBXFileReference; lastKnownFileType = sourcecode.swift; path = KDDuSHuCell.swift; sourceTree = "<group>"; };
		76439EA72133E2C100F1C454 /* KDDuSHuCell.xib */ = {isa = PBXFileReference; lastKnownFileType = file.xib; path = KDDuSHuCell.xib; sourceTree = "<group>"; };
		76439EAA2133E80000F1C454 /* KDDuShuDetailVC.swift */ = {isa = PBXFileReference; lastKnownFileType = sourcecode.swift; path = KDDuShuDetailVC.swift; sourceTree = "<group>"; };
		76439EAB2133E80000F1C454 /* KDDuShuDetailVC.xib */ = {isa = PBXFileReference; lastKnownFileType = file.xib; path = KDDuShuDetailVC.xib; sourceTree = "<group>"; };
		76439EB02133EDE600F1C454 /* SMWebVC.swift */ = {isa = PBXFileReference; fileEncoding = 4; lastKnownFileType = sourcecode.swift; path = SMWebVC.swift; sourceTree = "<group>"; };
		76439EB22133EE9100F1C454 /* SMWrongAlert.swift */ = {isa = PBXFileReference; fileEncoding = 4; lastKnownFileType = sourcecode.swift; path = SMWrongAlert.swift; sourceTree = "<group>"; };
		7692BDBE21339419007213AE /* KidsNote.app */ = {isa = PBXFileReference; explicitFileType = wrapper.application; includeInIndex = 0; path = KidsNote.app; sourceTree = BUILT_PRODUCTS_DIR; };
		7692BDC121339419007213AE /* AppDelegate.swift */ = {isa = PBXFileReference; lastKnownFileType = sourcecode.swift; path = AppDelegate.swift; sourceTree = "<group>"; };
		7692BDCB2133941C007213AE /* Base */ = {isa = PBXFileReference; lastKnownFileType = file.storyboard; name = Base; path = Base.lproj/LaunchScreen.storyboard; sourceTree = "<group>"; };
		7692BDCD2133941C007213AE /* Info.plist */ = {isa = PBXFileReference; lastKnownFileType = text.plist.xml; path = Info.plist; sourceTree = "<group>"; };
		7692BDD821339582007213AE /* SMGlobalConfig.swift */ = {isa = PBXFileReference; fileEncoding = 4; lastKnownFileType = sourcecode.swift; path = SMGlobalConfig.swift; sourceTree = "<group>"; };
		7692BDEA213395E8007213AE /* FWSideMenuContainerViewController.swift */ = {isa = PBXFileReference; fileEncoding = 4; lastKnownFileType = sourcecode.swift; path = FWSideMenuContainerViewController.swift; sourceTree = "<group>"; };
		7692BDEB213395E8007213AE /* FWSideMenuShadow.swift */ = {isa = PBXFileReference; fileEncoding = 4; lastKnownFileType = sourcecode.swift; path = FWSideMenuShadow.swift; sourceTree = "<group>"; };
		7692BDEC213395E9007213AE /* UIViewController+FWSideMenuExtension.swift */ = {isa = PBXFileReference; fileEncoding = 4; lastKnownFileType = sourcecode.swift; path = "UIViewController+FWSideMenuExtension.swift"; sourceTree = "<group>"; };
		7692BDF12133960C007213AE /* FWNavigationController.swift */ = {isa = PBXFileReference; fileEncoding = 4; lastKnownFileType = sourcecode.swift; path = FWNavigationController.swift; sourceTree = "<group>"; };
		7692BDF621339660007213AE /* KDAppHomeVC.swift */ = {isa = PBXFileReference; fileEncoding = 4; lastKnownFileType = sourcecode.swift; path = KDAppHomeVC.swift; sourceTree = "<group>"; };
		7692BDFC213396D0007213AE /* Assets.xcassets */ = {isa = PBXFileReference; lastKnownFileType = folder.assetcatalog; path = Assets.xcassets; sourceTree = "<group>"; };
		7692BE0121339882007213AE /* SideMenuBottomView.xib */ = {isa = PBXFileReference; fileEncoding = 4; lastKnownFileType = file.xib; path = SideMenuBottomView.xib; sourceTree = "<group>"; };
		7692BE0221339882007213AE /* SideMenuBottomView.swift */ = {isa = PBXFileReference; fileEncoding = 4; lastKnownFileType = sourcecode.swift; path = SideMenuBottomView.swift; sourceTree = "<group>"; };
		7692BE0321339883007213AE /* SideMenuTableViewCell.swift */ = {isa = PBXFileReference; fileEncoding = 4; lastKnownFileType = sourcecode.swift; path = SideMenuTableViewCell.swift; sourceTree = "<group>"; };
		7692BE0421339883007213AE /* SideMenuHeaderView.xib */ = {isa = PBXFileReference; fileEncoding = 4; lastKnownFileType = file.xib; path = SideMenuHeaderView.xib; sourceTree = "<group>"; };
		7692BE0521339883007213AE /* SideMenuTableViewCell.xib */ = {isa = PBXFileReference; fileEncoding = 4; lastKnownFileType = file.xib; path = SideMenuTableViewCell.xib; sourceTree = "<group>"; };
		7692BE0621339883007213AE /* SideMenuViewController.swift */ = {isa = PBXFileReference; fileEncoding = 4; lastKnownFileType = sourcecode.swift; path = SideMenuViewController.swift; sourceTree = "<group>"; };
		7692BE0721339883007213AE /* SideMenuHeaderView.swift */ = {isa = PBXFileReference; fileEncoding = 4; lastKnownFileType = sourcecode.swift; path = SideMenuHeaderView.swift; sourceTree = "<group>"; };
		7692BE0F213398A0007213AE /* SubViewController.swift */ = {isa = PBXFileReference; fileEncoding = 4; lastKnownFileType = sourcecode.swift; path = SubViewController.swift; sourceTree = "<group>"; };
		7692BE1121339947007213AE /* KNBaseVC.swift */ = {isa = PBXFileReference; lastKnownFileType = sourcecode.swift; path = KNBaseVC.swift; sourceTree = "<group>"; };
		7692BE1C2133A5CF007213AE /* KDBridgeHeader.h */ = {isa = PBXFileReference; lastKnownFileType = sourcecode.c.h; path = KDBridgeHeader.h; sourceTree = "<group>"; };
		76A2303D213550F800A3695A /* WHWeatherHeader.h */ = {isa = PBXFileReference; fileEncoding = 4; lastKnownFileType = sourcecode.c.h; path = WHWeatherHeader.h; sourceTree = "<group>"; };
		76A23040213550F800A3695A /* WHWeatherSunView.m */ = {isa = PBXFileReference; fileEncoding = 4; lastKnownFileType = sourcecode.c.objc; path = WHWeatherSunView.m; sourceTree = "<group>"; };
		76A23041213550F800A3695A /* WHWeatherSunView.h */ = {isa = PBXFileReference; fileEncoding = 4; lastKnownFileType = sourcecode.c.h; path = WHWeatherSunView.h; sourceTree = "<group>"; };
		76A23043213550F800A3695A /* WHWeatherClound.m */ = {isa = PBXFileReference; fileEncoding = 4; lastKnownFileType = sourcecode.c.objc; path = WHWeatherClound.m; sourceTree = "<group>"; };
		76A23044213550F800A3695A /* WHWeatherClound.h */ = {isa = PBXFileReference; fileEncoding = 4; lastKnownFileType = sourcecode.c.h; path = WHWeatherClound.h; sourceTree = "<group>"; };
		76A23046213550F800A3695A /* WHWeatherLightingView.h */ = {isa = PBXFileReference; fileEncoding = 4; lastKnownFileType = sourcecode.c.h; path = WHWeatherLightingView.h; sourceTree = "<group>"; };
		76A23047213550F800A3695A /* WHWeatherRainView.m */ = {isa = PBXFileReference; fileEncoding = 4; lastKnownFileType = sourcecode.c.objc; path = WHWeatherRainView.m; sourceTree = "<group>"; };
		76A23048213550F800A3695A /* WHWeatherLightingView.m */ = {isa = PBXFileReference; fileEncoding = 4; lastKnownFileType = sourcecode.c.objc; path = WHWeatherLightingView.m; sourceTree = "<group>"; };
		76A23049213550F800A3695A /* WHWeatherRainView.h */ = {isa = PBXFileReference; fileEncoding = 4; lastKnownFileType = sourcecode.c.h; path = WHWeatherRainView.h; sourceTree = "<group>"; };
		76A2304A213550F800A3695A /* WHWeatherBaseView.m */ = {isa = PBXFileReference; fileEncoding = 4; lastKnownFileType = sourcecode.c.objc; path = WHWeatherBaseView.m; sourceTree = "<group>"; };
		76A2304C213550F800A3695A /* ele_sunnyBird6.png */ = {isa = PBXFileReference; lastKnownFileType = image.png; path = ele_sunnyBird6.png; sourceTree = "<group>"; };
		76A2304D213550F800A3695A /* ele_sunnyBirdInvertedImage2.png */ = {isa = PBXFileReference; lastKnownFileType = image.png; path = ele_sunnyBirdInvertedImage2.png; sourceTree = "<group>"; };
		76A2304E213550F800A3695A /* ele_sunnyBirdInvertedImage3.png */ = {isa = PBXFileReference; lastKnownFileType = image.png; path = ele_sunnyBirdInvertedImage3.png; sourceTree = "<group>"; };
		76A2304F213550F800A3695A /* ele_sunnyBird7.png */ = {isa = PBXFileReference; lastKnownFileType = image.png; path = ele_sunnyBird7.png; sourceTree = "<group>"; };
		76A23050213550F900A3695A /* ele_sunnyNightWave1.png */ = {isa = PBXFileReference; lastKnownFileType = image.png; path = ele_sunnyNightWave1.png; sourceTree = "<group>"; };
		76A23051213550F900A3695A /* ele_sunnyBird5.png */ = {isa = PBXFileReference; lastKnownFileType = image.png; path = ele_sunnyBird5.png; sourceTree = "<group>"; };
		76A23052213550F900A3695A /* ele_sunnyBirdInvertedImage1.png */ = {isa = PBXFileReference; lastKnownFileType = image.png; path = ele_sunnyBirdInvertedImage1.png; sourceTree = "<group>"; };
		76A23053213550F900A3695A /* ele_sunnySun.png */ = {isa = PBXFileReference; lastKnownFileType = image.png; path = ele_sunnySun.png; sourceTree = "<group>"; };
		76A23054213550F900A3695A /* ele_sunnyBird4.png */ = {isa = PBXFileReference; lastKnownFileType = image.png; path = ele_sunnyBird4.png; sourceTree = "<group>"; };
		76A23055213550F900A3695A /* ele_sunnyNightWave2.png */ = {isa = PBXFileReference; lastKnownFileType = image.png; path = ele_sunnyNightWave2.png; sourceTree = "<group>"; };
		76A23056213550F900A3695A /* ele_sunnyBirdInvertedImage4.png */ = {isa = PBXFileReference; lastKnownFileType = image.png; path = ele_sunnyBirdInvertedImage4.png; sourceTree = "<group>"; };
		76A23057213550F900A3695A /* ele_sunnyBirdInvertedImage5.png */ = {isa = PBXFileReference; lastKnownFileType = image.png; path = ele_sunnyBirdInvertedImage5.png; sourceTree = "<group>"; };
		76A23058213550F900A3695A /* ele_sunnyBird1.png */ = {isa = PBXFileReference; lastKnownFileType = image.png; path = ele_sunnyBird1.png; sourceTree = "<group>"; };
		76A23059213550F900A3695A /* ele_sunnyBird3.png */ = {isa = PBXFileReference; lastKnownFileType = image.png; path = ele_sunnyBird3.png; sourceTree = "<group>"; };
		76A2305A213550F900A3695A /* ele_sunnyBirdInvertedImage7.png */ = {isa = PBXFileReference; lastKnownFileType = image.png; path = ele_sunnyBirdInvertedImage7.png; sourceTree = "<group>"; };
		76A2305B213550F900A3695A /* ele_sunnyBirdInvertedImage6.png */ = {isa = PBXFileReference; lastKnownFileType = image.png; path = ele_sunnyBirdInvertedImage6.png; sourceTree = "<group>"; };
		76A2305C213550F900A3695A /* ele_sunnyBird2.png */ = {isa = PBXFileReference; lastKnownFileType = image.png; path = ele_sunnyBird2.png; sourceTree = "<group>"; };
		76A2305D213550F900A3695A /* ele_sunnySunshine.png */ = {isa = PBXFileReference; lastKnownFileType = image.png; path = ele_sunnySunshine.png; sourceTree = "<group>"; };
		76A2305E213550F900A3695A /* ele_snow.png */ = {isa = PBXFileReference; lastKnownFileType = image.png; path = ele_snow.png; sourceTree = "<group>"; };
		76A2305F213550F900A3695A /* ele_sunnyNightYellowLight.png */ = {isa = PBXFileReference; lastKnownFileType = image.png; path = ele_sunnyNightYellowLight.png; sourceTree = "<group>"; };
		76A23061213550F900A3695A /* ele_water_ball.png */ = {isa = PBXFileReference; lastKnownFileType = image.png; path = ele_water_ball.png; sourceTree = "<group>"; };
		76A23062213550F900A3695A /* ele_night_back_sky.png */ = {isa = PBXFileReference; lastKnownFileType = image.png; path = ele_night_back_sky.png; sourceTree = "<group>"; };
		76A23063213550F900A3695A /* ele_night_sky_top.png */ = {isa = PBXFileReference; lastKnownFileType = image.png; path = ele_night_sky_top.png; sourceTree = "<group>"; };
		76A23064213550F900A3695A /* ele_sunnyNightMeteor1.png */ = {isa = PBXFileReference; lastKnownFileType = image.png; path = ele_sunnyNightMeteor1.png; sourceTree = "<group>"; };
		76A23065213550F900A3695A /* ele_sunnyNightStar1.png */ = {isa = PBXFileReference; lastKnownFileType = image.png; path = ele_sunnyNightStar1.png; sourceTree = "<group>"; };
		76A23066213550F900A3695A /* ele_night_rain_cloud.png */ = {isa = PBXFileReference; lastKnownFileType = image.png; path = ele_night_rain_cloud.png; sourceTree = "<group>"; };
		76A23067213550F900A3695A /* ele_sunnyNightMeteor2.png */ = {isa = PBXFileReference; lastKnownFileType = image.png; path = ele_sunnyNightMeteor2.png; sourceTree = "<group>"; };
		76A23068213550F900A3695A /* ele_sunnyNightStar2.png */ = {isa = PBXFileReference; lastKnownFileType = image.png; path = ele_sunnyNightStar2.png; sourceTree = "<group>"; };
		76A23069213550F900A3695A /* ele_sunnyCloud1.png */ = {isa = PBXFileReference; lastKnownFileType = image.png; path = ele_sunnyCloud1.png; sourceTree = "<group>"; };
		76A2306A213550F900A3695A /* ele_sunnyCloud2.png */ = {isa = PBXFileReference; lastKnownFileType = image.png; path = ele_sunnyCloud2.png; sourceTree = "<group>"; };
		76A2306B213550F900A3695A /* ele_sunnyNightFirefly.png */ = {isa = PBXFileReference; lastKnownFileType = image.png; path = ele_sunnyNightFirefly.png; sourceTree = "<group>"; };
		76A2306C213550F900A3695A /* ele_rainLine2.png */ = {isa = PBXFileReference; lastKnownFileType = image.png; path = ele_rainLine2.png; sourceTree = "<group>"; };
		76A2306D213550F900A3695A /* ele_rainLine3.png */ = {isa = PBXFileReference; lastKnownFileType = image.png; path = ele_rainLine3.png; sourceTree = "<group>"; };
		76A2306E213550F900A3695A /* ele_rainLine1.png */ = {isa = PBXFileReference; lastKnownFileType = image.png; path = ele_rainLine1.png; sourceTree = "<group>"; };
		76A23070213550F900A3695A /* ele_white_cloud_6.png */ = {isa = PBXFileReference; lastKnownFileType = image.png; path = ele_white_cloud_6.png; sourceTree = "<group>"; };
		76A23071213550F900A3695A /* ele_white_cloud_7.png */ = {isa = PBXFileReference; lastKnownFileType = image.png; path = ele_white_cloud_7.png; sourceTree = "<group>"; };
		76A23072213550F900A3695A /* ele_white_cloud_5.png */ = {isa = PBXFileReference; lastKnownFileType = image.png; path = ele_white_cloud_5.png; sourceTree = "<group>"; };
		76A23073213550F900A3695A /* ele_white_cloud_4.png */ = {isa = PBXFileReference; lastKnownFileType = image.png; path = ele_white_cloud_4.png; sourceTree = "<group>"; };
		76A23074213550F900A3695A /* ele_white_cloud_0.png */ = {isa = PBXFileReference; lastKnownFileType = image.png; path = ele_white_cloud_0.png; sourceTree = "<group>"; };
		76A23075213550F900A3695A /* ele_white_cloud_1.png */ = {isa = PBXFileReference; lastKnownFileType = image.png; path = ele_white_cloud_1.png; sourceTree = "<group>"; };
		76A23076213550F900A3695A /* ele_white_cloud_3.png */ = {isa = PBXFileReference; lastKnownFileType = image.png; path = ele_white_cloud_3.png; sourceTree = "<group>"; };
		76A23077213550F900A3695A /* ele_white_cloud_2.png */ = {isa = PBXFileReference; lastKnownFileType = image.png; path = ele_white_cloud_2.png; sourceTree = "<group>"; };
		76A23078213550F900A3695A /* ele_white_cloud_9.png */ = {isa = PBXFileReference; lastKnownFileType = image.png; path = ele_white_cloud_9.png; sourceTree = "<group>"; };
		76A23079213550F900A3695A /* ele_white_cloud_8.png */ = {isa = PBXFileReference; lastKnownFileType = image.png; path = ele_white_cloud_8.png; sourceTree = "<group>"; };
		76A2307A213550F900A3695A /* ele_white_cloud_12.png */ = {isa = PBXFileReference; lastKnownFileType = image.png; path = ele_white_cloud_12.png; sourceTree = "<group>"; };
		76A2307B213550F900A3695A /* ele_white_cloud_11.png */ = {isa = PBXFileReference; lastKnownFileType = image.png; path = ele_white_cloud_11.png; sourceTree = "<group>"; };
		76A2307C213550F900A3695A /* ele_white_cloud_10.png */ = {isa = PBXFileReference; lastKnownFileType = image.png; path = ele_white_cloud_10.png; sourceTree = "<group>"; };
		76A2307D213550F900A3695A /* ele_sunnyBirdInvertedImage8.png */ = {isa = PBXFileReference; lastKnownFileType = image.png; path = ele_sunnyBirdInvertedImage8.png; sourceTree = "<group>"; };
		76A2307E213550F900A3695A /* ele_sunnyBird8.png */ = {isa = PBXFileReference; lastKnownFileType = image.png; path = ele_sunnyBird8.png; sourceTree = "<group>"; };
		76A2307F213550F900A3695A /* WHWeatherBaseView.h */ = {isa = PBXFileReference; fileEncoding = 4; lastKnownFileType = sourcecode.c.h; path = WHWeatherBaseView.h; sourceTree = "<group>"; };
		76A23081213550F900A3695A /* WHWeatherSnowView.h */ = {isa = PBXFileReference; fileEncoding = 4; lastKnownFileType = sourcecode.c.h; path = WHWeatherSnowView.h; sourceTree = "<group>"; };
		76A23082213550F900A3695A /* WHWeatherSnowView.m */ = {isa = PBXFileReference; fileEncoding = 4; lastKnownFileType = sourcecode.c.objc; path = WHWeatherSnowView.m; sourceTree = "<group>"; };
		76A23083213550F900A3695A /* WHWeatherView.h */ = {isa = PBXFileReference; fileEncoding = 4; lastKnownFileType = sourcecode.c.h; path = WHWeatherView.h; sourceTree = "<group>"; };
		76A23084213550F900A3695A /* WHWeatherView.m */ = {isa = PBXFileReference; fileEncoding = 4; lastKnownFileType = sourcecode.c.objc; path = WHWeatherView.m; sourceTree = "<group>"; };
		76A230C321365DA800A3695A /* KDJieQiListVC.swift */ = {isa = PBXFileReference; lastKnownFileType = sourcecode.swift; path = KDJieQiListVC.swift; sourceTree = "<group>"; };
		76A230CA213669CE00A3695A /* KDShijHomeCell.swift */ = {isa = PBXFileReference; lastKnownFileType = sourcecode.swift; path = KDShijHomeCell.swift; sourceTree = "<group>"; };
		76A230CB213669CE00A3695A /* KDShijHomeCell.xib */ = {isa = PBXFileReference; lastKnownFileType = file.xib; path = KDShijHomeCell.xib; sourceTree = "<group>"; };
		76A230CE21366C9500A3695A /* SMBaseMappable.swift */ = {isa = PBXFileReference; fileEncoding = 4; lastKnownFileType = sourcecode.swift; path = SMBaseMappable.swift; sourceTree = "<group>"; };
		76A230D021366C9C00A3695A /* KDShiJieModel.swift */ = {isa = PBXFileReference; fileEncoding = 4; lastKnownFileType = sourcecode.swift; path = KDShiJieModel.swift; sourceTree = "<group>"; };
		76A230D4213670BC00A3695A /* jieqiinfo.plist */ = {isa = PBXFileReference; fileEncoding = 4; lastKnownFileType = text.plist.xml; path = jieqiinfo.plist; sourceTree = "<group>"; };
		76A230D62136747800A3695A /* KDJieQiDetailVC.swift */ = {isa = PBXFileReference; lastKnownFileType = sourcecode.swift; path = KDJieQiDetailVC.swift; sourceTree = "<group>"; };
		76A230D72136747800A3695A /* KDJieQiDetailVC.xib */ = {isa = PBXFileReference; lastKnownFileType = file.xib; path = KDJieQiDetailVC.xib; sourceTree = "<group>"; };
		76A230DB2136865300A3695A /* Html */ = {isa = PBXFileReference; lastKnownFileType = folder; path = Html; sourceTree = "<group>"; };
		76A36083213522DA00A6A738 /* PIVoiceRecordView.m */ = {isa = PBXFileReference; fileEncoding = 4; lastKnownFileType = sourcecode.c.objc; path = PIVoiceRecordView.m; sourceTree = "<group>"; };
		76A36084213522DA00A6A738 /* LGAudioPlayer.m */ = {isa = PBXFileReference; fileEncoding = 4; lastKnownFileType = sourcecode.c.objc; path = LGAudioPlayer.m; sourceTree = "<group>"; };
		76A36085213522DB00A6A738 /* LGVoiceRecorder.m */ = {isa = PBXFileReference; fileEncoding = 4; lastKnownFileType = sourcecode.c.objc; path = LGVoiceRecorder.m; sourceTree = "<group>"; };
		76A36086213522DB00A6A738 /* PIVoiceRecordView.h */ = {isa = PBXFileReference; fileEncoding = 4; lastKnownFileType = sourcecode.c.h; path = PIVoiceRecordView.h; sourceTree = "<group>"; };
		76A36087213522DB00A6A738 /* LGVoiceRecorder.h */ = {isa = PBXFileReference; fileEncoding = 4; lastKnownFileType = sourcecode.c.h; path = LGVoiceRecorder.h; sourceTree = "<group>"; };
		76A36088213522DB00A6A738 /* UIColor+Addition.h */ = {isa = PBXFileReference; fileEncoding = 4; lastKnownFileType = sourcecode.c.h; path = "UIColor+Addition.h"; sourceTree = "<group>"; };
		76A36089213522DB00A6A738 /* UIColor+Addition.m */ = {isa = PBXFileReference; fileEncoding = 4; lastKnownFileType = sourcecode.c.objc; path = "UIColor+Addition.m"; sourceTree = "<group>"; };
		76A3608A213522DC00A6A738 /* LGAudioPlayer.h */ = {isa = PBXFileReference; fileEncoding = 4; lastKnownFileType = sourcecode.c.h; path = LGAudioPlayer.h; sourceTree = "<group>"; };
		76A3608F213524A400A6A738 /* PIVoiceRecordViewController.m */ = {isa = PBXFileReference; fileEncoding = 4; lastKnownFileType = sourcecode.c.objc; path = PIVoiceRecordViewController.m; sourceTree = "<group>"; };
		76A36090213524A400A6A738 /* PIVoiceRecordViewController.h */ = {isa = PBXFileReference; fileEncoding = 4; lastKnownFileType = sourcecode.c.h; path = PIVoiceRecordViewController.h; sourceTree = "<group>"; };
		76A360922135395500A6A738 /* EEImageBroweView.swift */ = {isa = PBXFileReference; fileEncoding = 4; lastKnownFileType = sourcecode.swift; path = EEImageBroweView.swift; sourceTree = "<group>"; };
		8331680565913DFA7118B8E0 /* Pods_KidsNote.framework */ = {isa = PBXFileReference; explicitFileType = wrapper.framework; includeInIndex = 0; path = Pods_KidsNote.framework; sourceTree = BUILT_PRODUCTS_DIR; };
		BD718234B3A4A8A70F2D5D6E /* Pods-KidsNote.release.xcconfig */ = {isa = PBXFileReference; includeInIndex = 1; lastKnownFileType = text.xcconfig; name = "Pods-KidsNote.release.xcconfig"; path = "Pods/Target Support Files/Pods-KidsNote/Pods-KidsNote.release.xcconfig"; sourceTree = "<group>"; };
		FCBDC78A6D9C024D7FCCCA7E /* Pods-KidsNote.debug.xcconfig */ = {isa = PBXFileReference; includeInIndex = 1; lastKnownFileType = text.xcconfig; name = "Pods-KidsNote.debug.xcconfig"; path = "Pods/Target Support Files/Pods-KidsNote/Pods-KidsNote.debug.xcconfig"; sourceTree = "<group>"; };
/* End PBXFileReference section */

/* Begin PBXFrameworksBuildPhase section */
		7692BDBB21339419007213AE /* Frameworks */ = {
			isa = PBXFrameworksBuildPhase;
			buildActionMask = 2147483647;
			files = (
				A684C5E42402FC1985840EA7 /* Pods_KidsNote.framework in Frameworks */,
			);
			runOnlyForDeploymentPostprocessing = 0;
		};
/* End PBXFrameworksBuildPhase section */

/* Begin PBXGroup section */
		6ED4A3D389E01B9D48A94880 /* Pods */ = {
			isa = PBXGroup;
			children = (
				FCBDC78A6D9C024D7FCCCA7E /* Pods-KidsNote.debug.xcconfig */,
				BD718234B3A4A8A70F2D5D6E /* Pods-KidsNote.release.xcconfig */,
			);
			name = Pods;
			sourceTree = "<group>";
		};
		76439E9F2133D56C00F1C454 /* View */ = {
			isa = PBXGroup;
			children = (
				76439E9D2133D56300F1C454 /* KDAppHomeView.swift */,
				76439EA02133D57C00F1C454 /* KDAppHomeView.xib */,
			);
			path = View;
			sourceTree = "<group>";
		};
		76439EA22133E13400F1C454 /* 读书 */ = {
			isa = PBXGroup;
			children = (
				76439EAF2133E80900F1C454 /* List */,
				76439EAE2133E80700F1C454 /* Detail */,
			);
			path = "读书";
			sourceTree = "<group>";
		};
		76439EA52133E29C00F1C454 /* Cell */ = {
			isa = PBXGroup;
			children = (
				76439EA62133E2C100F1C454 /* KDDuSHuCell.swift */,
				76439EA72133E2C100F1C454 /* KDDuSHuCell.xib */,
			);
			path = Cell;
			sourceTree = "<group>";
		};
		76439EAE2133E80700F1C454 /* Detail */ = {
			isa = PBXGroup;
			children = (
				76A360922135395500A6A738 /* EEImageBroweView.swift */,
				76439EAA2133E80000F1C454 /* KDDuShuDetailVC.swift */,
				76439EAB2133E80000F1C454 /* KDDuShuDetailVC.xib */,
				76A36090213524A400A6A738 /* PIVoiceRecordViewController.h */,
				76A3608F213524A400A6A738 /* PIVoiceRecordViewController.m */,
			);
			path = Detail;
			sourceTree = "<group>";
		};
		76439EAF2133E80900F1C454 /* List */ = {
			isa = PBXGroup;
			children = (
				76439EA52133E29C00F1C454 /* Cell */,
				76439EA32133E24500F1C454 /* KDDuShuVC.swift */,
			);
			path = List;
			sourceTree = "<group>";
		};
		7692BDB521339419007213AE = {
			isa = PBXGroup;
			children = (
				7692BDC021339419007213AE /* KidsNote */,
				7692BDBF21339419007213AE /* Products */,
				6ED4A3D389E01B9D48A94880 /* Pods */,
				8C64A6AC4736F775B0ABF073 /* Frameworks */,
			);
			sourceTree = "<group>";
		};
		7692BDBF21339419007213AE /* Products */ = {
			isa = PBXGroup;
			children = (
				7692BDBE21339419007213AE /* KidsNote.app */,
			);
			name = Products;
			sourceTree = "<group>";
		};
		7692BDC021339419007213AE /* KidsNote */ = {
			isa = PBXGroup;
			children = (
				7692BDD721339526007213AE /* AppDelegate */,
				7692BDD621339524007213AE /* Config */,
				7692BDD521339521007213AE /* Model */,
				7692BDD42133951E007213AE /* VC */,
				7692BDD321339513007213AE /* Tools */,
				7692BDCA2133941C007213AE /* LaunchScreen.storyboard */,
				7692BDFC213396D0007213AE /* Assets.xcassets */,
				7692BDCD2133941C007213AE /* Info.plist */,
			);
			path = KidsNote;
			sourceTree = "<group>";
		};
		7692BDD321339513007213AE /* Tools */ = {
			isa = PBXGroup;
			children = (
				76A230DB2136865300A3695A /* Html */,
				76A36082213522C600A6A738 /* 录音 */,
				76439EB22133EE9100F1C454 /* SMWrongAlert.swift */,
				76439EB02133EDE600F1C454 /* SMWebVC.swift */,
				7692BDE9213395DF007213AE /* FWSideMenu */,
			);
			path = Tools;
			sourceTree = "<group>";
		};
		7692BDD42133951E007213AE /* VC */ = {
			isa = PBXGroup;
			children = (
				7692BDDA213395A3007213AE /* BaseView */,
				7692BE0021339869007213AE /* SideMenuViewController */,
				7692BE1621339D1C007213AE /* 首页 */,
				76439EA22133E13400F1C454 /* 读书 */,
				76A230BD21364BB200A3695A /* 节气 */,
				76A2303C213550AB00A3695A /* Weather */,
			);
			path = VC;
			sourceTree = "<group>";
		};
		7692BDD521339521007213AE /* Model */ = {
			isa = PBXGroup;
			children = (
				76A230D021366C9C00A3695A /* KDShiJieModel.swift */,
			);
			path = Model;
			sourceTree = "<group>";
		};
		7692BDD621339524007213AE /* Config */ = {
			isa = PBXGroup;
			children = (
				7692BDD821339582007213AE /* SMGlobalConfig.swift */,
				7692BE1C2133A5CF007213AE /* KDBridgeHeader.h */,
				76A230D4213670BC00A3695A /* jieqiinfo.plist */,
			);
			path = Config;
			sourceTree = "<group>";
		};
		7692BDD721339526007213AE /* AppDelegate */ = {
			isa = PBXGroup;
			children = (
				7692BDC121339419007213AE /* AppDelegate.swift */,
			);
			name = AppDelegate;
			path = "New Group3";
			sourceTree = "<group>";
		};
		7692BDDA213395A3007213AE /* BaseView */ = {
			isa = PBXGroup;
			children = (
				7692BE0F213398A0007213AE /* SubViewController.swift */,
				7692BE1121339947007213AE /* KNBaseVC.swift */,
				76A230CE21366C9500A3695A /* SMBaseMappable.swift */,
				7692BDF12133960C007213AE /* FWNavigationController.swift */,
			);
			path = BaseView;
			sourceTree = "<group>";
		};
		7692BDE9213395DF007213AE /* FWSideMenu */ = {
			isa = PBXGroup;
			children = (
				7692BDEA213395E8007213AE /* FWSideMenuContainerViewController.swift */,
				7692BDEB213395E8007213AE /* FWSideMenuShadow.swift */,
				7692BDEC213395E9007213AE /* UIViewController+FWSideMenuExtension.swift */,
			);
			path = FWSideMenu;
			sourceTree = "<group>";
		};
		7692BE0021339869007213AE /* SideMenuViewController */ = {
			isa = PBXGroup;
			children = (
				7692BE0221339882007213AE /* SideMenuBottomView.swift */,
				7692BE0121339882007213AE /* SideMenuBottomView.xib */,
				7692BE0721339883007213AE /* SideMenuHeaderView.swift */,
				7692BE0421339883007213AE /* SideMenuHeaderView.xib */,
				7692BE0321339883007213AE /* SideMenuTableViewCell.swift */,
				7692BE0521339883007213AE /* SideMenuTableViewCell.xib */,
				7692BE0621339883007213AE /* SideMenuViewController.swift */,
			);
			path = SideMenuViewController;
			sourceTree = "<group>";
		};
		7692BE1621339D1C007213AE /* 首页 */ = {
			isa = PBXGroup;
			children = (
				76439E9F2133D56C00F1C454 /* View */,
				7692BDF621339660007213AE /* KDAppHomeVC.swift */,
			);
			path = "首页";
			sourceTree = "<group>";
		};
		76A2303C213550AB00A3695A /* Weather */ = {
			isa = PBXGroup;
			children = (
				76A2303E213550F800A3695A /* WeatherView */,
				76A2303D213550F800A3695A /* WHWeatherHeader.h */,
				76A23083213550F900A3695A /* WHWeatherView.h */,
				76A23084213550F900A3695A /* WHWeatherView.m */,
			);
			path = Weather;
			sourceTree = "<group>";
		};
		76A2303E213550F800A3695A /* WeatherView */ = {
			isa = PBXGroup;
			children = (
				76A2303F213550F800A3695A /* Sun */,
				76A23042213550F800A3695A /* Clound */,
				76A23045213550F800A3695A /* Rain */,
				76A2304A213550F800A3695A /* WHWeatherBaseView.m */,
				76A2304B213550F800A3695A /* Image */,
				76A2307F213550F900A3695A /* WHWeatherBaseView.h */,
				76A23080213550F900A3695A /* Snow */,
			);
			path = WeatherView;
			sourceTree = "<group>";
		};
		76A2303F213550F800A3695A /* Sun */ = {
			isa = PBXGroup;
			children = (
				76A23040213550F800A3695A /* WHWeatherSunView.m */,
				76A23041213550F800A3695A /* WHWeatherSunView.h */,
			);
			path = Sun;
			sourceTree = "<group>";
		};
		76A23042213550F800A3695A /* Clound */ = {
			isa = PBXGroup;
			children = (
				76A23043213550F800A3695A /* WHWeatherClound.m */,
				76A23044213550F800A3695A /* WHWeatherClound.h */,
			);
			path = Clound;
			sourceTree = "<group>";
		};
		76A23045213550F800A3695A /* Rain */ = {
			isa = PBXGroup;
			children = (
				76A23046213550F800A3695A /* WHWeatherLightingView.h */,
				76A23047213550F800A3695A /* WHWeatherRainView.m */,
				76A23048213550F800A3695A /* WHWeatherLightingView.m */,
				76A23049213550F800A3695A /* WHWeatherRainView.h */,
			);
			path = Rain;
			sourceTree = "<group>";
		};
		76A2304B213550F800A3695A /* Image */ = {
			isa = PBXGroup;
			children = (
				76A2304C213550F800A3695A /* ele_sunnyBird6.png */,
				76A2304D213550F800A3695A /* ele_sunnyBirdInvertedImage2.png */,
				76A2304E213550F800A3695A /* ele_sunnyBirdInvertedImage3.png */,
				76A2304F213550F800A3695A /* ele_sunnyBird7.png */,
				76A23050213550F900A3695A /* ele_sunnyNightWave1.png */,
				76A23051213550F900A3695A /* ele_sunnyBird5.png */,
				76A23052213550F900A3695A /* ele_sunnyBirdInvertedImage1.png */,
				76A23053213550F900A3695A /* ele_sunnySun.png */,
				76A23054213550F900A3695A /* ele_sunnyBird4.png */,
				76A23055213550F900A3695A /* ele_sunnyNightWave2.png */,
				76A23056213550F900A3695A /* ele_sunnyBirdInvertedImage4.png */,
				76A23057213550F900A3695A /* ele_sunnyBirdInvertedImage5.png */,
				76A23058213550F900A3695A /* ele_sunnyBird1.png */,
				76A23059213550F900A3695A /* ele_sunnyBird3.png */,
				76A2305A213550F900A3695A /* ele_sunnyBirdInvertedImage7.png */,
				76A2305B213550F900A3695A /* ele_sunnyBirdInvertedImage6.png */,
				76A2305C213550F900A3695A /* ele_sunnyBird2.png */,
				76A2305D213550F900A3695A /* ele_sunnySunshine.png */,
				76A2305E213550F900A3695A /* ele_snow.png */,
				76A2305F213550F900A3695A /* ele_sunnyNightYellowLight.png */,
				76A23060213550F900A3695A /* other */,
				76A23064213550F900A3695A /* ele_sunnyNightMeteor1.png */,
				76A23065213550F900A3695A /* ele_sunnyNightStar1.png */,
				76A23066213550F900A3695A /* ele_night_rain_cloud.png */,
				76A23067213550F900A3695A /* ele_sunnyNightMeteor2.png */,
				76A23068213550F900A3695A /* ele_sunnyNightStar2.png */,
				76A23069213550F900A3695A /* ele_sunnyCloud1.png */,
				76A2306A213550F900A3695A /* ele_sunnyCloud2.png */,
				76A2306B213550F900A3695A /* ele_sunnyNightFirefly.png */,
				76A2306C213550F900A3695A /* ele_rainLine2.png */,
				76A2306D213550F900A3695A /* ele_rainLine3.png */,
				76A2306E213550F900A3695A /* ele_rainLine1.png */,
				76A2306F213550F900A3695A /* whitecloud */,
				76A2307D213550F900A3695A /* ele_sunnyBirdInvertedImage8.png */,
				76A2307E213550F900A3695A /* ele_sunnyBird8.png */,
			);
			path = Image;
			sourceTree = "<group>";
		};
		76A23060213550F900A3695A /* other */ = {
			isa = PBXGroup;
			children = (
				76A23061213550F900A3695A /* ele_water_ball.png */,
				76A23062213550F900A3695A /* ele_night_back_sky.png */,
				76A23063213550F900A3695A /* ele_night_sky_top.png */,
			);
			path = other;
			sourceTree = "<group>";
		};
		76A2306F213550F900A3695A /* whitecloud */ = {
			isa = PBXGroup;
			children = (
				76A23070213550F900A3695A /* ele_white_cloud_6.png */,
				76A23071213550F900A3695A /* ele_white_cloud_7.png */,
				76A23072213550F900A3695A /* ele_white_cloud_5.png */,
				76A23073213550F900A3695A /* ele_white_cloud_4.png */,
				76A23074213550F900A3695A /* ele_white_cloud_0.png */,
				76A23075213550F900A3695A /* ele_white_cloud_1.png */,
				76A23076213550F900A3695A /* ele_white_cloud_3.png */,
				76A23077213550F900A3695A /* ele_white_cloud_2.png */,
				76A23078213550F900A3695A /* ele_white_cloud_9.png */,
				76A23079213550F900A3695A /* ele_white_cloud_8.png */,
				76A2307A213550F900A3695A /* ele_white_cloud_12.png */,
				76A2307B213550F900A3695A /* ele_white_cloud_11.png */,
				76A2307C213550F900A3695A /* ele_white_cloud_10.png */,
			);
			path = whitecloud;
			sourceTree = "<group>";
		};
		76A23080213550F900A3695A /* Snow */ = {
			isa = PBXGroup;
			children = (
				76A23081213550F900A3695A /* WHWeatherSnowView.h */,
				76A23082213550F900A3695A /* WHWeatherSnowView.m */,
			);
			path = Snow;
			sourceTree = "<group>";
		};
		76A230BD21364BB200A3695A /* 节气 */ = {
			isa = PBXGroup;
			children = (
				76A230C72136688B00A3695A /* List */,
				76A230C82136689400A3695A /* Detail */,
			);
			path = "节气";
			sourceTree = "<group>";
		};
		76A230C72136688B00A3695A /* List */ = {
			isa = PBXGroup;
			children = (
				76A230C9213669AD00A3695A /* Cell */,
				76A230C321365DA800A3695A /* KDJieQiListVC.swift */,
			);
			path = List;
			sourceTree = "<group>";
		};
		76A230C82136689400A3695A /* Detail */ = {
			isa = PBXGroup;
			children = (
				76A230D62136747800A3695A /* KDJieQiDetailVC.swift */,
				76A230D72136747800A3695A /* KDJieQiDetailVC.xib */,
			);
			path = Detail;
			sourceTree = "<group>";
		};
		76A230C9213669AD00A3695A /* Cell */ = {
			isa = PBXGroup;
			children = (
				76A230CA213669CE00A3695A /* KDShijHomeCell.swift */,
				76A230CB213669CE00A3695A /* KDShijHomeCell.xib */,
			);
			path = Cell;
			sourceTree = "<group>";
		};
		76A36082213522C600A6A738 /* 录音 */ = {
			isa = PBXGroup;
			children = (
				76A3608A213522DC00A6A738 /* LGAudioPlayer.h */,
				76A36084213522DA00A6A738 /* LGAudioPlayer.m */,
				76A36087213522DB00A6A738 /* LGVoiceRecorder.h */,
				76A36085213522DB00A6A738 /* LGVoiceRecorder.m */,
				76A36086213522DB00A6A738 /* PIVoiceRecordView.h */,
				76A36083213522DA00A6A738 /* PIVoiceRecordView.m */,
				76A36088213522DB00A6A738 /* UIColor+Addition.h */,
				76A36089213522DB00A6A738 /* UIColor+Addition.m */,
			);
			path = "录音";
			sourceTree = "<group>";
		};
		8C64A6AC4736F775B0ABF073 /* Frameworks */ = {
			isa = PBXGroup;
			children = (
				8331680565913DFA7118B8E0 /* Pods_KidsNote.framework */,
			);
			name = Frameworks;
			sourceTree = "<group>";
		};
/* End PBXGroup section */

/* Begin PBXNativeTarget section */
		7692BDBD21339419007213AE /* KidsNote */ = {
			isa = PBXNativeTarget;
			buildConfigurationList = 7692BDD02133941C007213AE /* Build configuration list for PBXNativeTarget "KidsNote" */;
			buildPhases = (
				5F204A64DCE65A6808A65B81 /* [CP] Check Pods Manifest.lock */,
				7692BDBA21339419007213AE /* Sources */,
				7692BDBB21339419007213AE /* Frameworks */,
				7692BDBC21339419007213AE /* Resources */,
				5261761E3DDDF217509FE28D /* [CP] Embed Pods Frameworks */,
				71A40420CC8E14832EA85250 /* [CP] Copy Pods Resources */,
			);
			buildRules = (
			);
			dependencies = (
			);
			name = KidsNote;
			productName = KidsNote;
			productReference = 7692BDBE21339419007213AE /* KidsNote.app */;
			productType = "com.apple.product-type.application";
		};
/* End PBXNativeTarget section */

/* Begin PBXProject section */
		7692BDB621339419007213AE /* Project object */ = {
			isa = PBXProject;
			attributes = {
				LastSwiftUpdateCheck = 0940;
				LastUpgradeCheck = 0940;
				ORGANIZATIONNAME = "郑强飞";
				TargetAttributes = {
					7692BDBD21339419007213AE = {
						CreatedOnToolsVersion = 9.4;
					};
				};
			};
			buildConfigurationList = 7692BDB921339419007213AE /* Build configuration list for PBXProject "KidsNote" */;
			compatibilityVersion = "Xcode 9.3";
			developmentRegion = en;
			hasScannedForEncodings = 0;
			knownRegions = (
				en,
				Base,
			);
			mainGroup = 7692BDB521339419007213AE;
			productRefGroup = 7692BDBF21339419007213AE /* Products */;
			projectDirPath = "";
			projectRoot = "";
			targets = (
				7692BDBD21339419007213AE /* KidsNote */,
			);
		};
/* End PBXProject section */

/* Begin PBXResourcesBuildPhase section */
		7692BDBC21339419007213AE /* Resources */ = {
			isa = PBXResourcesBuildPhase;
			buildActionMask = 2147483647;
			files = (
				76A2308C213550F900A3695A /* ele_sunnyBirdInvertedImage3.png in Resources */,
				76A230B9213550F900A3695A /* ele_sunnyBirdInvertedImage8.png in Resources */,
				76439EA92133E2C100F1C454 /* KDDuSHuCell.xib in Resources */,
				76A2308E213550F900A3695A /* ele_sunnyNightWave1.png in Resources */,
				76A230D5213670BC00A3695A /* jieqiinfo.plist in Resources */,
				76A2309B213550F900A3695A /* ele_sunnySunshine.png in Resources */,
				76A2308A213550F900A3695A /* ele_sunnyBird6.png in Resources */,
				76A230A7213550F900A3695A /* ele_sunnyCloud2.png in Resources */,
				76A2309E213550F900A3695A /* ele_water_ball.png in Resources */,
				76A230B8213550F900A3695A /* ele_white_cloud_10.png in Resources */,
				76A230B0213550F900A3695A /* ele_white_cloud_0.png in Resources */,
				76A230A5213550F900A3695A /* ele_sunnyNightStar2.png in Resources */,
				76A2309C213550F900A3695A /* ele_snow.png in Resources */,
				76A230D92136747800A3695A /* KDJieQiDetailVC.xib in Resources */,
				76A230A3213550F900A3695A /* ele_night_rain_cloud.png in Resources */,
				76A23090213550F900A3695A /* ele_sunnyBirdInvertedImage1.png in Resources */,
				76A23097213550F900A3695A /* ele_sunnyBird3.png in Resources */,
				76A230A2213550F900A3695A /* ele_sunnyNightStar1.png in Resources */,
				76A2308D213550F900A3695A /* ele_sunnyBird7.png in Resources */,
				76A230B4213550F900A3695A /* ele_white_cloud_9.png in Resources */,
				76A23099213550F900A3695A /* ele_sunnyBirdInvertedImage6.png in Resources */,
				76A230A4213550F900A3695A /* ele_sunnyNightMeteor2.png in Resources */,
				7692BE0821339883007213AE /* SideMenuBottomView.xib in Resources */,
				76A2309F213550F900A3695A /* ele_night_back_sky.png in Resources */,
				7692BDFD213396D0007213AE /* Assets.xcassets in Resources */,
				76A230A6213550F900A3695A /* ele_sunnyCloud1.png in Resources */,
				76A230DC2136865300A3695A /* Html in Resources */,
				76439EA12133D57C00F1C454 /* KDAppHomeView.xib in Resources */,
				76A23096213550F900A3695A /* ele_sunnyBird1.png in Resources */,
				76A230AD213550F900A3695A /* ele_white_cloud_7.png in Resources */,
				7692BE0C21339883007213AE /* SideMenuTableViewCell.xib in Resources */,
				76A23092213550F900A3695A /* ele_sunnyBird4.png in Resources */,
				76A230CD213669CE00A3695A /* KDShijHomeCell.xib in Resources */,
				76A230AF213550F900A3695A /* ele_white_cloud_4.png in Resources */,
				76A230A8213550F900A3695A /* ele_sunnyNightFirefly.png in Resources */,
				76A230B2213550F900A3695A /* ele_white_cloud_3.png in Resources */,
				76A230AC213550F900A3695A /* ele_white_cloud_6.png in Resources */,
				76A2309D213550F900A3695A /* ele_sunnyNightYellowLight.png in Resources */,
				76A230AB213550F900A3695A /* ele_rainLine1.png in Resources */,
				76A23093213550F900A3695A /* ele_sunnyNightWave2.png in Resources */,
				76A23098213550F900A3695A /* ele_sunnyBirdInvertedImage7.png in Resources */,
				76A230A1213550F900A3695A /* ele_sunnyNightMeteor1.png in Resources */,
				76A230AA213550F900A3695A /* ele_rainLine3.png in Resources */,
				7692BE0B21339883007213AE /* SideMenuHeaderView.xib in Resources */,
				76A230B3213550F900A3695A /* ele_white_cloud_2.png in Resources */,
				76A230BA213550F900A3695A /* ele_sunnyBird8.png in Resources */,
				76A230B1213550F900A3695A /* ele_white_cloud_1.png in Resources */,
				76A230A0213550F900A3695A /* ele_night_sky_top.png in Resources */,
				76A230B6213550F900A3695A /* ele_white_cloud_12.png in Resources */,
				76A23091213550F900A3695A /* ele_sunnySun.png in Resources */,
				76A230AE213550F900A3695A /* ele_white_cloud_5.png in Resources */,
				76A230B7213550F900A3695A /* ele_white_cloud_11.png in Resources */,
				76A230B5213550F900A3695A /* ele_white_cloud_8.png in Resources */,
				76A2308B213550F900A3695A /* ele_sunnyBirdInvertedImage2.png in Resources */,
				76A23094213550F900A3695A /* ele_sunnyBirdInvertedImage4.png in Resources */,
				76A2308F213550F900A3695A /* ele_sunnyBird5.png in Resources */,
				76A2309A213550F900A3695A /* ele_sunnyBird2.png in Resources */,
				76439EAD2133E80000F1C454 /* KDDuShuDetailVC.xib in Resources */,
				76A230A9213550F900A3695A /* ele_rainLine2.png in Resources */,
				76A23095213550F900A3695A /* ele_sunnyBirdInvertedImage5.png in Resources */,
				7692BDCC2133941C007213AE /* LaunchScreen.storyboard in Resources */,
			);
			runOnlyForDeploymentPostprocessing = 0;
		};
/* End PBXResourcesBuildPhase section */

/* Begin PBXShellScriptBuildPhase section */
		5261761E3DDDF217509FE28D /* [CP] Embed Pods Frameworks */ = {
			isa = PBXShellScriptBuildPhase;
			buildActionMask = 2147483647;
			files = (
			);
			inputPaths = (
				"${SRCROOT}/Pods/Target Support Files/Pods-KidsNote/Pods-KidsNote-frameworks.sh",
				"${BUILT_PRODUCTS_DIR}/Alamofire/Alamofire.framework",
				"${BUILT_PRODUCTS_DIR}/BYToolModule/BYToolModule.framework",
				"${BUILT_PRODUCTS_DIR}/FFToolModule/FFToolModule.framework",
				"${BUILT_PRODUCTS_DIR}/MBProgressHUD/MBProgressHUD.framework",
				"${BUILT_PRODUCTS_DIR}/MJRefresh/MJRefresh.framework",
				"${BUILT_PRODUCTS_DIR}/Masonry/Masonry.framework",
				"${BUILT_PRODUCTS_DIR}/ReactiveCocoa/ReactiveCocoa.framework",
				"${BUILT_PRODUCTS_DIR}/SDAutoLayout/SDAutoLayout.framework",
				"${BUILT_PRODUCTS_DIR}/SDWebImage/SDWebImage.framework",
			);
			name = "[CP] Embed Pods Frameworks";
			outputPaths = (
				"${TARGET_BUILD_DIR}/${FRAMEWORKS_FOLDER_PATH}/Alamofire.framework",
				"${TARGET_BUILD_DIR}/${FRAMEWORKS_FOLDER_PATH}/BYToolModule.framework",
				"${TARGET_BUILD_DIR}/${FRAMEWORKS_FOLDER_PATH}/FFToolModule.framework",
				"${TARGET_BUILD_DIR}/${FRAMEWORKS_FOLDER_PATH}/MBProgressHUD.framework",
				"${TARGET_BUILD_DIR}/${FRAMEWORKS_FOLDER_PATH}/MJRefresh.framework",
				"${TARGET_BUILD_DIR}/${FRAMEWORKS_FOLDER_PATH}/Masonry.framework",
				"${TARGET_BUILD_DIR}/${FRAMEWORKS_FOLDER_PATH}/ReactiveCocoa.framework",
				"${TARGET_BUILD_DIR}/${FRAMEWORKS_FOLDER_PATH}/SDAutoLayout.framework",
				"${TARGET_BUILD_DIR}/${FRAMEWORKS_FOLDER_PATH}/SDWebImage.framework",
			);
			runOnlyForDeploymentPostprocessing = 0;
			shellPath = /bin/sh;
			shellScript = "\"${SRCROOT}/Pods/Target Support Files/Pods-KidsNote/Pods-KidsNote-frameworks.sh\"\n";
			showEnvVarsInLog = 0;
		};
		5F204A64DCE65A6808A65B81 /* [CP] Check Pods Manifest.lock */ = {
			isa = PBXShellScriptBuildPhase;
			buildActionMask = 2147483647;
			files = (
			);
			inputPaths = (
				"${PODS_PODFILE_DIR_PATH}/Podfile.lock",
				"${PODS_ROOT}/Manifest.lock",
			);
			name = "[CP] Check Pods Manifest.lock";
			outputPaths = (
				"$(DERIVED_FILE_DIR)/Pods-KidsNote-checkManifestLockResult.txt",
			);
			runOnlyForDeploymentPostprocessing = 0;
			shellPath = /bin/sh;
			shellScript = "diff \"${PODS_PODFILE_DIR_PATH}/Podfile.lock\" \"${PODS_ROOT}/Manifest.lock\" > /dev/null\nif [ $? != 0 ] ; then\n    # print error to STDERR\n    echo \"error: The sandbox is not in sync with the Podfile.lock. Run 'pod install' or update your CocoaPods installation.\" >&2\n    exit 1\nfi\n# This output is used by Xcode 'outputs' to avoid re-running this script phase.\necho \"SUCCESS\" > \"${SCRIPT_OUTPUT_FILE_0}\"\n";
			showEnvVarsInLog = 0;
		};
		71A40420CC8E14832EA85250 /* [CP] Copy Pods Resources */ = {
			isa = PBXShellScriptBuildPhase;
			buildActionMask = 2147483647;
			files = (
			);
			inputPaths = (
			);
			name = "[CP] Copy Pods Resources";
			outputPaths = (
			);
			runOnlyForDeploymentPostprocessing = 0;
			shellPath = /bin/sh;
			shellScript = "\"${SRCROOT}/Pods/Target Support Files/Pods-KidsNote/Pods-KidsNote-resources.sh\"\n";
			showEnvVarsInLog = 0;
		};
/* End PBXShellScriptBuildPhase section */

/* Begin PBXSourcesBuildPhase section */
		7692BDBA21339419007213AE /* Sources */ = {
			isa = PBXSourcesBuildPhase;
			buildActionMask = 2147483647;
			files = (
				7692BDF42133960D007213AE /* FWNavigationController.swift in Sources */,
				76439E9E2133D56300F1C454 /* KDAppHomeView.swift in Sources */,
				76A23087213550F900A3695A /* WHWeatherRainView.m in Sources */,
				76439EB32133EE9100F1C454 /* SMWrongAlert.swift in Sources */,
				7692BDEF213395E9007213AE /* UIViewController+FWSideMenuExtension.swift in Sources */,
				76A230CC213669CE00A3695A /* KDShijHomeCell.swift in Sources */,
				7692BDED213395E9007213AE /* FWSideMenuContainerViewController.swift in Sources */,
				7692BDF721339660007213AE /* KDAppHomeVC.swift in Sources */,
				7692BE1221339947007213AE /* KNBaseVC.swift in Sources */,
				7692BE0D21339883007213AE /* SideMenuViewController.swift in Sources */,
				76439EAC2133E80000F1C454 /* KDDuShuDetailVC.swift in Sources */,
				76A23085213550F900A3695A /* WHWeatherSunView.m in Sources */,
				76439EA42133E24500F1C454 /* KDDuShuVC.swift in Sources */,
				76A230C521365DA800A3695A /* KDJieQiListVC.swift in Sources */,
				76A230D82136747800A3695A /* KDJieQiDetailVC.swift in Sources */,
				76A23088213550F900A3695A /* WHWeatherLightingView.m in Sources */,
				76439EA82133E2C100F1C454 /* KDDuSHuCell.swift in Sources */,
				76A3608C213522DC00A6A738 /* LGAudioPlayer.m in Sources */,
				7692BDEE213395E9007213AE /* FWSideMenuShadow.swift in Sources */,
				7692BE0921339883007213AE /* SideMenuBottomView.swift in Sources */,
				76A230D121366C9C00A3695A /* KDShiJieModel.swift in Sources */,
				76A3608B213522DC00A6A738 /* PIVoiceRecordView.m in Sources */,
				76A36091213524A400A6A738 /* PIVoiceRecordViewController.m in Sources */,
				7692BDC221339419007213AE /* AppDelegate.swift in Sources */,
				76A230BC213550F900A3695A /* WHWeatherView.m in Sources */,
				76A360932135395500A6A738 /* EEImageBroweView.swift in Sources */,
				76A230CF21366C9500A3695A /* SMBaseMappable.swift in Sources */,
				7692BE10213398A1007213AE /* SubViewController.swift in Sources */,
				76A3608D213522DC00A6A738 /* LGVoiceRecorder.m in Sources */,
				76A230BB213550F900A3695A /* WHWeatherSnowView.m in Sources */,
				7692BDD921339582007213AE /* SMGlobalConfig.swift in Sources */,
				7692BE0E21339883007213AE /* SideMenuHeaderView.swift in Sources */,
				76A23089213550F900A3695A /* WHWeatherBaseView.m in Sources */,
				7692BE0A21339883007213AE /* SideMenuTableViewCell.swift in Sources */,
				76439EB12133EDE600F1C454 /* SMWebVC.swift in Sources */,
				76A23086213550F900A3695A /* WHWeatherClound.m in Sources */,
				76A3608E213522DC00A6A738 /* UIColor+Addition.m in Sources */,
			);
			runOnlyForDeploymentPostprocessing = 0;
		};
/* End PBXSourcesBuildPhase section */

/* Begin PBXVariantGroup section */
		7692BDCA2133941C007213AE /* LaunchScreen.storyboard */ = {
			isa = PBXVariantGroup;
			children = (
				7692BDCB2133941C007213AE /* Base */,
			);
			name = LaunchScreen.storyboard;
			sourceTree = "<group>";
		};
/* End PBXVariantGroup section */

/* Begin XCBuildConfiguration section */
		7692BDCE2133941C007213AE /* Debug */ = {
			isa = XCBuildConfiguration;
			buildSettings = {
				ALWAYS_SEARCH_USER_PATHS = NO;
				CLANG_ANALYZER_NONNULL = YES;
				CLANG_ANALYZER_NUMBER_OBJECT_CONVERSION = YES_AGGRESSIVE;
				CLANG_CXX_LANGUAGE_STANDARD = "gnu++14";
				CLANG_CXX_LIBRARY = "libc++";
				CLANG_ENABLE_MODULES = YES;
				CLANG_ENABLE_OBJC_ARC = YES;
				CLANG_ENABLE_OBJC_WEAK = YES;
				CLANG_WARN_BLOCK_CAPTURE_AUTORELEASING = YES;
				CLANG_WARN_BOOL_CONVERSION = YES;
				CLANG_WARN_COMMA = YES;
				CLANG_WARN_CONSTANT_CONVERSION = YES;
				CLANG_WARN_DEPRECATED_OBJC_IMPLEMENTATIONS = YES;
				CLANG_WARN_DIRECT_OBJC_ISA_USAGE = YES_ERROR;
				CLANG_WARN_DOCUMENTATION_COMMENTS = YES;
				CLANG_WARN_EMPTY_BODY = YES;
				CLANG_WARN_ENUM_CONVERSION = YES;
				CLANG_WARN_INFINITE_RECURSION = YES;
				CLANG_WARN_INT_CONVERSION = YES;
				CLANG_WARN_NON_LITERAL_NULL_CONVERSION = YES;
				CLANG_WARN_OBJC_IMPLICIT_RETAIN_SELF = YES;
				CLANG_WARN_OBJC_LITERAL_CONVERSION = YES;
				CLANG_WARN_OBJC_ROOT_CLASS = YES_ERROR;
				CLANG_WARN_RANGE_LOOP_ANALYSIS = YES;
				CLANG_WARN_STRICT_PROTOTYPES = YES;
				CLANG_WARN_SUSPICIOUS_MOVE = YES;
				CLANG_WARN_UNGUARDED_AVAILABILITY = YES_AGGRESSIVE;
				CLANG_WARN_UNREACHABLE_CODE = YES;
				CLANG_WARN__DUPLICATE_METHOD_MATCH = YES;
				CODE_SIGN_IDENTITY = "iPhone Developer";
				COPY_PHASE_STRIP = NO;
				DEBUG_INFORMATION_FORMAT = dwarf;
				ENABLE_STRICT_OBJC_MSGSEND = YES;
				ENABLE_TESTABILITY = YES;
				GCC_C_LANGUAGE_STANDARD = gnu11;
				GCC_DYNAMIC_NO_PIC = NO;
				GCC_NO_COMMON_BLOCKS = YES;
				GCC_OPTIMIZATION_LEVEL = 0;
				GCC_PREPROCESSOR_DEFINITIONS = (
					"DEBUG=1",
					"$(inherited)",
				);
				GCC_WARN_64_TO_32_BIT_CONVERSION = YES;
				GCC_WARN_ABOUT_RETURN_TYPE = YES_ERROR;
				GCC_WARN_UNDECLARED_SELECTOR = YES;
				GCC_WARN_UNINITIALIZED_AUTOS = YES_AGGRESSIVE;
				GCC_WARN_UNUSED_FUNCTION = YES;
				GCC_WARN_UNUSED_VARIABLE = YES;
				IPHONEOS_DEPLOYMENT_TARGET = 11.4;
				MTL_ENABLE_DEBUG_INFO = YES;
				ONLY_ACTIVE_ARCH = YES;
				SDKROOT = iphoneos;
				SWIFT_ACTIVE_COMPILATION_CONDITIONS = DEBUG;
				SWIFT_OPTIMIZATION_LEVEL = "-Onone";
			};
			name = Debug;
		};
		7692BDCF2133941C007213AE /* Release */ = {
			isa = XCBuildConfiguration;
			buildSettings = {
				ALWAYS_SEARCH_USER_PATHS = NO;
				CLANG_ANALYZER_NONNULL = YES;
				CLANG_ANALYZER_NUMBER_OBJECT_CONVERSION = YES_AGGRESSIVE;
				CLANG_CXX_LANGUAGE_STANDARD = "gnu++14";
				CLANG_CXX_LIBRARY = "libc++";
				CLANG_ENABLE_MODULES = YES;
				CLANG_ENABLE_OBJC_ARC = YES;
				CLANG_ENABLE_OBJC_WEAK = YES;
				CLANG_WARN_BLOCK_CAPTURE_AUTORELEASING = YES;
				CLANG_WARN_BOOL_CONVERSION = YES;
				CLANG_WARN_COMMA = YES;
				CLANG_WARN_CONSTANT_CONVERSION = YES;
				CLANG_WARN_DEPRECATED_OBJC_IMPLEMENTATIONS = YES;
				CLANG_WARN_DIRECT_OBJC_ISA_USAGE = YES_ERROR;
				CLANG_WARN_DOCUMENTATION_COMMENTS = YES;
				CLANG_WARN_EMPTY_BODY = YES;
				CLANG_WARN_ENUM_CONVERSION = YES;
				CLANG_WARN_INFINITE_RECURSION = YES;
				CLANG_WARN_INT_CONVERSION = YES;
				CLANG_WARN_NON_LITERAL_NULL_CONVERSION = YES;
				CLANG_WARN_OBJC_IMPLICIT_RETAIN_SELF = YES;
				CLANG_WARN_OBJC_LITERAL_CONVERSION = YES;
				CLANG_WARN_OBJC_ROOT_CLASS = YES_ERROR;
				CLANG_WARN_RANGE_LOOP_ANALYSIS = YES;
				CLANG_WARN_STRICT_PROTOTYPES = YES;
				CLANG_WARN_SUSPICIOUS_MOVE = YES;
				CLANG_WARN_UNGUARDED_AVAILABILITY = YES_AGGRESSIVE;
				CLANG_WARN_UNREACHABLE_CODE = YES;
				CLANG_WARN__DUPLICATE_METHOD_MATCH = YES;
				CODE_SIGN_IDENTITY = "iPhone Developer";
				COPY_PHASE_STRIP = NO;
				DEBUG_INFORMATION_FORMAT = "dwarf-with-dsym";
				ENABLE_NS_ASSERTIONS = NO;
				ENABLE_STRICT_OBJC_MSGSEND = YES;
				GCC_C_LANGUAGE_STANDARD = gnu11;
				GCC_NO_COMMON_BLOCKS = YES;
				GCC_WARN_64_TO_32_BIT_CONVERSION = YES;
				GCC_WARN_ABOUT_RETURN_TYPE = YES_ERROR;
				GCC_WARN_UNDECLARED_SELECTOR = YES;
				GCC_WARN_UNINITIALIZED_AUTOS = YES_AGGRESSIVE;
				GCC_WARN_UNUSED_FUNCTION = YES;
				GCC_WARN_UNUSED_VARIABLE = YES;
				IPHONEOS_DEPLOYMENT_TARGET = 11.4;
				MTL_ENABLE_DEBUG_INFO = NO;
				SDKROOT = iphoneos;
				SWIFT_COMPILATION_MODE = wholemodule;
				SWIFT_OPTIMIZATION_LEVEL = "-O";
				VALIDATE_PRODUCT = YES;
			};
			name = Release;
		};
		7692BDD12133941C007213AE /* Debug */ = {
			isa = XCBuildConfiguration;
			baseConfigurationReference = FCBDC78A6D9C024D7FCCCA7E /* Pods-KidsNote.debug.xcconfig */;
			buildSettings = {
				ASSETCATALOG_COMPILER_APPICON_NAME = AppIcon;
				CODE_SIGN_STYLE = Automatic;
				DEVELOPMENT_TEAM = H928XCDSK5;
				ENABLE_BITCODE = NO;
				INFOPLIST_FILE = KidsNote/Info.plist;
				IPHONEOS_DEPLOYMENT_TARGET = 9.0;
				LD_RUNPATH_SEARCH_PATHS = (
					"$(inherited)",
					"@executable_path/Frameworks",
				);
				PRODUCT_BUNDLE_IDENTIFIER = EE.KidsNote;
				PRODUCT_NAME = "$(TARGET_NAME)";
				SWIFT_OBJC_BRIDGING_HEADER = KidsNote/Config/KDBridgeHeader.h;
				SWIFT_VERSION = 4.0;
				TARGETED_DEVICE_FAMILY = 1;
			};
			name = Debug;
		};
		7692BDD22133941C007213AE /* Release */ = {
			isa = XCBuildConfiguration;
			baseConfigurationReference = BD718234B3A4A8A70F2D5D6E /* Pods-KidsNote.release.xcconfig */;
			buildSettings = {
				ASSETCATALOG_COMPILER_APPICON_NAME = AppIcon;
				CODE_SIGN_STYLE = Automatic;
				DEVELOPMENT_TEAM = H928XCDSK5;
				ENABLE_BITCODE = NO;
				INFOPLIST_FILE = KidsNote/Info.plist;
				IPHONEOS_DEPLOYMENT_TARGET = 9.0;
				LD_RUNPATH_SEARCH_PATHS = (
					"$(inherited)",
					"@executable_path/Frameworks",
				);
				PRODUCT_BUNDLE_IDENTIFIER = EE.KidsNote;
				PRODUCT_NAME = "$(TARGET_NAME)";
				SWIFT_OBJC_BRIDGING_HEADER = KidsNote/Config/KDBridgeHeader.h;
				SWIFT_VERSION = 4.0;
				TARGETED_DEVICE_FAMILY = 1;
			};
			name = Release;
		};
/* End XCBuildConfiguration section */

/* Begin XCConfigurationList section */
		7692BDB921339419007213AE /* Build configuration list for PBXProject "KidsNote" */ = {
			isa = XCConfigurationList;
			buildConfigurations = (
				7692BDCE2133941C007213AE /* Debug */,
				7692BDCF2133941C007213AE /* Release */,
			);
			defaultConfigurationIsVisible = 0;
			defaultConfigurationName = Release;
		};
		7692BDD02133941C007213AE /* Build configuration list for PBXNativeTarget "KidsNote" */ = {
			isa = XCConfigurationList;
			buildConfigurations = (
				7692BDD12133941C007213AE /* Debug */,
				7692BDD22133941C007213AE /* Release */,
			);
			defaultConfigurationIsVisible = 0;
			defaultConfigurationName = Release;
		};
/* End XCConfigurationList section */
	};
	rootObject = 7692BDB621339419007213AE /* Project object */;
}
